
Microsoft Visual Studio Solution File, Format Version 12.00
# Visual Studio 15
VisualStudioVersion = 15.0.27004.2010
MinimumVisualStudioVersion = 10.0.40219.1
Project("{FAE04EC0-301F-11D3-BF4B-00C04F79EFBC}") = "WebApp", "WebApp\WebApp.csproj", "{75A0C751-F80E-4993-89EF-3BC610A179FB}"
EndProject
Global
	GlobalSection(SolutionConfigurationPlatforms) = preSolution
		Debug|Any CPU = Debug|Any CPU
		Release|Any CPU = Release|Any CPU
	EndGlobalSection
	GlobalSection(ProjectConfigurationPlatforms) = postSolution
		{75A0C751-F80E-4993-89EF-3BC610A179FB}.Debug|Any CPU.ActiveCfg = Debug|Any CPU
		{75A0C751-F80E-4993-89EF-3BC610A179FB}.Debug|Any CPU.Build.0 = Debug|Any CPU
		{75A0C751-F80E-4993-89EF-3BC610A179FB}.Release|Any CPU.ActiveCfg = Release|Any CPU
		{75A0C751-F80E-4993-89EF-3BC610A179FB}.Release|Any CPU.Build.0 = Release|Any CPU
	EndGlobalSection
	GlobalSection(SolutionProperties) = preSolution
		HideSolutionNode = FALSE
	EndGlobalSection
	GlobalSection(ExtensibilityGlobals) = postSolution
		SolutionGuid = {9F4B8F2E-1997-44B8-A5A5-CF646E13EDAC}
	EndGlobalSection
EndGlobal
